
Microsoft Visual Studio Solution File, Format Version 12.00
# Visual Studio Version 17
VisualStudioVersion = 17.7.34018.315
MinimumVisualStudioVersion = 10.0.40219.1
Project("{FAE04EC0-301F-11D3-BF4B-00C04F79EFBC}") = "ToDo.WebApp", "ToDo.WebApp.csproj", "{7ED10FD4-3170-49B4-97AF-49B34948FF1F}"
EndProject
Global
	GlobalSection(SolutionConfigurationPlatforms) = preSolution
		Debug|Any CPU = Debug|Any CPU
		Release|Any CPU = Release|Any CPU
	EndGlobalSection
	GlobalSection(ProjectConfigurationPlatforms) = postSolution
		{7ED10FD4-3170-49B4-97AF-49B34948FF1F}.Debug|Any CPU.ActiveCfg = Debug|Any CPU
		{7ED10FD4-3170-49B4-97AF-49B34948FF1F}.Debug|Any CPU.Build.0 = Debug|Any CPU
		{7ED10FD4-3170-49B4-97AF-49B34948FF1F}.Release|Any CPU.ActiveCfg = Release|Any CPU
		{7ED10FD4-3170-49B4-97AF-49B34948FF1F}.Release|Any CPU.Build.0 = Release|Any CPU
	EndGlobalSection
	GlobalSection(SolutionProperties) = preSolution
		HideSolutionNode = FALSE
	EndGlobalSection
	GlobalSection(ExtensibilityGlobals) = postSolution
		SolutionGuid = {B1DF5622-DF89-4FF3-AE38-D6C81CD630EC}
	EndGlobalSection
EndGlobal
